
Microsoft Visual Studio Solution File, Format Version 12.00
# Visual Studio 15
VisualStudioVersion = 15.0.26430.16
MinimumVisualStudioVersion = 10.0.40219.1
Project("{FAE04EC0-301F-11D3-BF4B-00C04F79EFBC}") = "ATM", "ATM\ATM.csproj", "{1CFD76AA-8304-4D60-8410-EACBAA4A02EA}"
EndProject
Project("{FAE04EC0-301F-11D3-BF4B-00C04F79EFBC}") = "ATM.Tests", "ATM.Tests\ATM.Tests.csproj", "{13332F4D-1F50-40C0-BC1A-99306D26B6D5}"
EndProject
Global
	GlobalSection(SolutionConfigurationPlatforms) = preSolution
		Debug|Any CPU = Debug|Any CPU
		Release|Any CPU = Release|Any CPU
	EndGlobalSection
	GlobalSection(ProjectConfigurationPlatforms) = postSolution
		{1CFD76AA-8304-4D60-8410-EACBAA4A02EA}.Debug|Any CPU.ActiveCfg = Debug|Any CPU
		{1CFD76AA-8304-4D60-8410-EACBAA4A02EA}.Debug|Any CPU.Build.0 = Debug|Any CPU
		{1CFD76AA-8304-4D60-8410-EACBAA4A02EA}.Release|Any CPU.ActiveCfg = Release|Any CPU
		{1CFD76AA-8304-4D60-8410-EACBAA4A02EA}.Release|Any CPU.Build.0 = Release|Any CPU
		{13332F4D-1F50-40C0-BC1A-99306D26B6D5}.Debug|Any CPU.ActiveCfg = Debug|Any CPU
		{13332F4D-1F50-40C0-BC1A-99306D26B6D5}.Debug|Any CPU.Build.0 = Debug|Any CPU
		{13332F4D-1F50-40C0-BC1A-99306D26B6D5}.Release|Any CPU.ActiveCfg = Release|Any CPU
		{13332F4D-1F50-40C0-BC1A-99306D26B6D5}.Release|Any CPU.Build.0 = Release|Any CPU
	EndGlobalSection
	GlobalSection(SolutionProperties) = preSolution
		HideSolutionNode = FALSE
	EndGlobalSection
EndGlobal
